// !$*UTF8*$!
{
	archiveVersion = 1;
	classes = {
	};
	objectVersion = 46;
	objects = {

/* Begin PBXBuildFile section */
		E4D457C81E2EFDCE006B8946 /* main.m in Sources */ = {isa = PBXBuildFile; fileRef = E4D457C71E2EFDCE006B8946 /* main.m */; };
		E4D457CB1E2EFDCE006B8946 /* AppDelegate.m in Sources */ = {isa = PBXBuildFile; fileRef = E4D457CA1E2EFDCE006B8946 /* AppDelegate.m */; };
		E4D457CE1E2EFDCE006B8946 /* ViewController.m in Sources */ = {isa = PBXBuildFile; fileRef = E4D457CD1E2EFDCE006B8946 /* ViewController.m */; };
		E4D457D11E2EFDCE006B8946 /* Main.storyboard in Resources */ = {isa = PBXBuildFile; fileRef = E4D457CF1E2EFDCE006B8946 /* Main.storyboard */; };
		E4D457D31E2EFDCE006B8946 /* Assets.xcassets in Resources */ = {isa = PBXBuildFile; fileRef = E4D457D21E2EFDCE006B8946 /* Assets.xcassets */; };
		E4D457D61E2EFDCE006B8946 /* LaunchScreen.storyboard in Resources */ = {isa = PBXBuildFile; fileRef = E4D457D41E2EFDCE006B8946 /* LaunchScreen.storyboard */; };
		E4D457E41E2F1028006B8946 /* xiaoguo.png in Resources */ = {isa = PBXBuildFile; fileRef = E4D457E21E2F1028006B8946 /* xiaoguo.png */; };
		E4D457E51E2F1028006B8946 /* 1.png in Resources */ = {isa = PBXBuildFile; fileRef = E4D457E31E2F1028006B8946 /* 1.png */; };
		E4D457E91E2F105B006B8946 /* HXSearchBar.m in Sources */ = {isa = PBXBuildFile; fileRef = E4D457E81E2F105B006B8946 /* HXSearchBar.m */; };
/* End PBXBuildFile section */

/* Begin PBXFileReference section */
		E4D457C31E2EFDCE006B8946 /* HXSearchBar.app */ = {isa = PBXFileReference; explicitFileType = wrapper.application; includeInIndex = 0; path = HXSearchBar.app; sourceTree = BUILT_PRODUCTS_DIR; };
		E4D457C71E2EFDCE006B8946 /* main.m */ = {isa = PBXFileReference; lastKnownFileType = sourcecode.c.objc; path = main.m; sourceTree = "<group>"; };
		E4D457C91E2EFDCE006B8946 /* AppDelegate.h */ = {isa = PBXFileReference; lastKnownFileType = sourcecode.c.h; path = AppDelegate.h; sourceTree = "<group>"; };
		E4D457CA1E2EFDCE006B8946 /* AppDelegate.m */ = {isa = PBXFileReference; lastKnownFileType = sourcecode.c.objc; path = AppDelegate.m; sourceTree = "<group>"; };
		E4D457CC1E2EFDCE006B8946 /* ViewController.h */ = {isa = PBXFileReference; lastKnownFileType = sourcecode.c.h; path = ViewController.h; sourceTree = "<group>"; };
		E4D457CD1E2EFDCE006B8946 /* ViewController.m */ = {isa = PBXFileReference; lastKnownFileType = sourcecode.c.objc; path = ViewController.m; sourceTree = "<group>"; };
		E4D457D01E2EFDCE006B8946 /* Base */ = {isa = PBXFileReference; lastKnownFileType = file.storyboard; name = Base; path = Base.lproj/Main.storyboard; sourceTree = "<group>"; };
		E4D457D21E2EFDCE006B8946 /* Assets.xcassets */ = {isa = PBXFileReference; lastKnownFileType = folder.assetcatalog; path = Assets.xcassets; sourceTree = "<group>"; };
		E4D457D51E2EFDCE006B8946 /* Base */ = {isa = PBXFileReference; lastKnownFileType = file.storyboard; name = Base; path = Base.lproj/LaunchScreen.storyboard; sourceTree = "<group>"; };
		E4D457D71E2EFDCE006B8946 /* Info.plist */ = {isa = PBXFileReference; lastKnownFileType = text.plist.xml; path = Info.plist; sourceTree = "<group>"; };
		E4D457E01E2F0EBF006B8946 /* README.md */ = {isa = PBXFileReference; fileEncoding = 4; lastKnownFileType = net.daringfireball.markdown; path = README.md; sourceTree = "<group>"; };
		E4D457E21E2F1028006B8946 /* xiaoguo.png */ = {isa = PBXFileReference; lastKnownFileType = image.png; path = xiaoguo.png; sourceTree = "<group>"; };
		E4D457E31E2F1028006B8946 /* 1.png */ = {isa = PBXFileReference; lastKnownFileType = image.png; path = 1.png; sourceTree = "<group>"; };
		E4D457E71E2F105B006B8946 /* HXSearchBar.h */ = {isa = PBXFileReference; fileEncoding = 4; lastKnownFileType = sourcecode.c.h; path = HXSearchBar.h; sourceTree = "<group>"; };
		E4D457E81E2F105B006B8946 /* HXSearchBar.m */ = {isa = PBXFileReference; fileEncoding = 4; lastKnownFileType = sourcecode.c.objc; path = HXSearchBar.m; sourceTree = "<group>"; };
/* End PBXFileReference section */

/* Begin PBXFrameworksBuildPhase section */
		E4D457C01E2EFDCE006B8946 /* Frameworks */ = {
			isa = PBXFrameworksBuildPhase;
			buildActionMask = 2147483647;
			files = (
			);
			runOnlyForDeploymentPostprocessing = 0;
		};
/* End PBXFrameworksBuildPhase section */

/* Begin PBXGroup section */
		E4D457BA1E2EFDCE006B8946 = {
			isa = PBXGroup;
			children = (
				E4D457E01E2F0EBF006B8946 /* README.md */,
				E4D457C51E2EFDCE006B8946 /* HXSearchBar */,
				E4D457C41E2EFDCE006B8946 /* Products */,
			);
			sourceTree = "<group>";
		};
		E4D457C41E2EFDCE006B8946 /* Products */ = {
			isa = PBXGroup;
			children = (
				E4D457C31E2EFDCE006B8946 /* HXSearchBar.app */,
			);
			name = Products;
			sourceTree = "<group>";
		};
		E4D457C51E2EFDCE006B8946 /* HXSearchBar */ = {
			isa = PBXGroup;
			children = (
				E4D457E61E2F105B006B8946 /* 搜索框 */,
				E4D457C91E2EFDCE006B8946 /* AppDelegate.h */,
				E4D457CA1E2EFDCE006B8946 /* AppDelegate.m */,
				E4D457CC1E2EFDCE006B8946 /* ViewController.h */,
				E4D457CD1E2EFDCE006B8946 /* ViewController.m */,
				E4D457CF1E2EFDCE006B8946 /* Main.storyboard */,
				E4D457D21E2EFDCE006B8946 /* Assets.xcassets */,
				E4D457E21E2F1028006B8946 /* xiaoguo.png */,
				E4D457E31E2F1028006B8946 /* 1.png */,
				E4D457D41E2EFDCE006B8946 /* LaunchScreen.storyboard */,
				E4D457D71E2EFDCE006B8946 /* Info.plist */,
				E4D457C61E2EFDCE006B8946 /* Supporting Files */,
			);
			path = HXSearchBar;
			sourceTree = "<group>";
		};
		E4D457C61E2EFDCE006B8946 /* Supporting Files */ = {
			isa = PBXGroup;
			children = (
				E4D457C71E2EFDCE006B8946 /* main.m */,
			);
			name = "Supporting Files";
			sourceTree = "<group>";
		};
		E4D457E61E2F105B006B8946 /* 搜索框 */ = {
			isa = PBXGroup;
			children = (
				E4D457E71E2F105B006B8946 /* HXSearchBar.h */,
				E4D457E81E2F105B006B8946 /* HXSearchBar.m */,
			);
			name = "搜索框";
			path = SearchBar;
			sourceTree = "<group>";
		};
/* End PBXGroup section */

/* Begin PBXNativeTarget section */
		E4D457C21E2EFDCE006B8946 /* HXSearchBar */ = {
			isa = PBXNativeTarget;
			buildConfigurationList = E4D457DA1E2EFDCE006B8946 /* Build configuration list for PBXNativeTarget "HXSearchBar" */;
			buildPhases = (
				E4D457BF1E2EFDCE006B8946 /* Sources */,
				E4D457C01E2EFDCE006B8946 /* Frameworks */,
				E4D457C11E2EFDCE006B8946 /* Resources */,
			);
			buildRules = (
			);
			dependencies = (
			);
			name = HXSearchBar;
			productName = HXSearchBar;
			productReference = E4D457C31E2EFDCE006B8946 /* HXSearchBar.app */;
			productType = "com.apple.product-type.application";
		};
/* End PBXNativeTarget section */

/* Begin PBXProject section */
		E4D457BB1E2EFDCE006B8946 /* Project object */ = {
			isa = PBXProject;
			attributes = {
				LastUpgradeCheck = 0810;
				ORGANIZATIONNAME = "黄轩";
				TargetAttributes = {
					E4D457C21E2EFDCE006B8946 = {
						CreatedOnToolsVersion = 8.1;
						ProvisioningStyle = Automatic;
					};
				};
			};
			buildConfigurationList = E4D457BE1E2EFDCE006B8946 /* Build configuration list for PBXProject "HXSearchBar" */;
			compatibilityVersion = "Xcode 3.2";
			developmentRegion = English;
			hasScannedForEncodings = 0;
			knownRegions = (
				en,
				Base,
			);
			mainGroup = E4D457BA1E2EFDCE006B8946;
			productRefGroup = E4D457C41E2EFDCE006B8946 /* Products */;
			projectDirPath = "";
			projectRoot = "";
			targets = (
				E4D457C21E2EFDCE006B8946 /* HXSearchBar */,
			);
		};
/* End PBXProject section */

/* Begin PBXResourcesBuildPhase section */
		E4D457C11E2EFDCE006B8946 /* Resources */ = {
			isa = PBXResourcesBuildPhase;
			buildActionMask = 2147483647;
			files = (
				E4D457D61E2EFDCE006B8946 /* LaunchScreen.storyboard in Resources */,
				E4D457D31E2EFDCE006B8946 /* Assets.xcassets in Resources */,
				E4D457E41E2F1028006B8946 /* xiaoguo.png in Resources */,
				E4D457D11E2EFDCE006B8946 /* Main.storyboard in Resources */,
				E4D457E51E2F1028006B8946 /* 1.png in Resources */,
			);
			runOnlyForDeploymentPostprocessing = 0;
		};
/* End PBXResourcesBuildPhase section */

/* Begin PBXSourcesBuildPhase section */
		E4D457BF1E2EFDCE006B8946 /* Sources */ = {
			isa = PBXSourcesBuildPhase;
			buildActionMask = 2147483647;
			files = (
				E4D457CE1E2EFDCE006B8946 /* ViewController.m in Sources */,
				E4D457CB1E2EFDCE006B8946 /* AppDelegate.m in Sources */,
				E4D457C81E2EFDCE006B8946 /* main.m in Sources */,
				E4D457E91E2F105B006B8946 /* HXSearchBar.m in Sources */,
			);
			runOnlyForDeploymentPostprocessing = 0;
		};
/* End PBXSourcesBuildPhase section */

/* Begin PBXVariantGroup section */
		E4D457CF1E2EFDCE006B8946 /* Main.storyboard */ = {
			isa = PBXVariantGroup;
			children = (
				E4D457D01E2EFDCE006B8946 /* Base */,
			);
			name = Main.storyboard;
			sourceTree = "<group>";
		};
		E4D457D41E2EFDCE006B8946 /* LaunchScreen.storyboard */ = {
			isa = PBXVariantGroup;
			children = (
				E4D457D51E2EFDCE006B8946 /* Base */,
			);
			name = LaunchScreen.storyboard;
			sourceTree = "<group>";
		};
/* End PBXVariantGroup section */

/* Begin XCBuildConfiguration section */
		E4D457D81E2EFDCE006B8946 /* Debug */ = {
			isa = XCBuildConfiguration;
			buildSettings = {
				ALWAYS_SEARCH_USER_PATHS = NO;
				CLANG_ANALYZER_NONNULL = YES;
				CLANG_CXX_LANGUAGE_STANDARD = "gnu++0x";
				CLANG_CXX_LIBRARY = "libc++";
				CLANG_ENABLE_MODULES = YES;
				CLANG_ENABLE_OBJC_ARC = YES;
				CLANG_WARN_BOOL_CONVERSION = YES;
				CLANG_WARN_CONSTANT_CONVERSION = YES;
				CLANG_WARN_DIRECT_OBJC_ISA_USAGE = YES_ERROR;
				CLANG_WARN_DOCUMENTATION_COMMENTS = YES;
				CLANG_WARN_EMPTY_BODY = YES;
				CLANG_WARN_ENUM_CONVERSION = YES;
				CLANG_WARN_INFINITE_RECURSION = YES;
				CLANG_WARN_INT_CONVERSION = YES;
				CLANG_WARN_OBJC_ROOT_CLASS = YES_ERROR;
				CLANG_WARN_SUSPICIOUS_MOVES = YES;
				CLANG_WARN_UNREACHABLE_CODE = YES;
				CLANG_WARN__DUPLICATE_METHOD_MATCH = YES;
				"CODE_SIGN_IDENTITY[sdk=iphoneos*]" = "iPhone Developer";
				COPY_PHASE_STRIP = NO;
				DEBUG_INFORMATION_FORMAT = dwarf;
				ENABLE_STRICT_OBJC_MSGSEND = YES;
				ENABLE_TESTABILITY = YES;
				GCC_C_LANGUAGE_STANDARD = gnu99;
				GCC_DYNAMIC_NO_PIC = NO;
				GCC_NO_COMMON_BLOCKS = YES;
				GCC_OPTIMIZATION_LEVEL = 0;
				GCC_PREPROCESSOR_DEFINITIONS = (
					"DEBUG=1",
					"$(inherited)",
				);
				GCC_WARN_64_TO_32_BIT_CONVERSION = YES;
				GCC_WARN_ABOUT_RETURN_TYPE = YES_ERROR;
				GCC_WARN_UNDECLARED_SELECTOR = YES;
				GCC_WARN_UNINITIALIZED_AUTOS = YES_AGGRESSIVE;
				GCC_WARN_UNUSED_FUNCTION = YES;
				GCC_WARN_UNUSED_VARIABLE = YES;
				IPHONEOS_DEPLOYMENT_TARGET = 10.1;
				MTL_ENABLE_DEBUG_INFO = YES;
				ONLY_ACTIVE_ARCH = YES;
				SDKROOT = iphoneos;
			};
			name = Debug;
		};
		E4D457D91E2EFDCE006B8946 /* Release */ = {
			isa = XCBuildConfiguration;
			buildSettings = {
				ALWAYS_SEARCH_USER_PATHS = NO;
				CLANG_ANALYZER_NONNULL = YES;
				CLANG_CXX_LANGUAGE_STANDARD = "gnu++0x";
				CLANG_CXX_LIBRARY = "libc++";
				CLANG_ENABLE_MODULES = YES;
				CLANG_ENABLE_OBJC_ARC = YES;
				CLANG_WARN_BOOL_CONVERSION = YES;
				CLANG_WARN_CONSTANT_CONVERSION = YES;
				CLANG_WARN_DIRECT_OBJC_ISA_USAGE = YES_ERROR;
				CLANG_WARN_DOCUMENTATION_COMMENTS = YES;
				CLANG_WARN_EMPTY_BODY = YES;
				CLANG_WARN_ENUM_CONVERSION = YES;
				CLANG_WARN_INFINITE_RECURSION = YES;
				CLANG_WARN_INT_CONVERSION = YES;
				CLANG_WARN_OBJC_ROOT_CLASS = YES_ERROR;
				CLANG_WARN_SUSPICIOUS_MOVES = YES;
				CLANG_WARN_UNREACHABLE_CODE = YES;
				CLANG_WARN__DUPLICATE_METHOD_MATCH = YES;
				"CODE_SIGN_IDENTITY[sdk=iphoneos*]" = "iPhone Developer";
				COPY_PHASE_STRIP = NO;
				DEBUG_INFORMATION_FORMAT = "dwarf-with-dsym";
				ENABLE_NS_ASSERTIONS = NO;
				ENABLE_STRICT_OBJC_MSGSEND = YES;
				GCC_C_LANGUAGE_STANDARD = gnu99;
				GCC_NO_COMMON_BLOCKS = YES;
				GCC_WARN_64_TO_32_BIT_CONVERSION = YES;
				GCC_WARN_ABOUT_RETURN_TYPE = YES_ERROR;
				GCC_WARN_UNDECLARED_SELECTOR = YES;
				GCC_WARN_UNINITIALIZED_AUTOS = YES_AGGRESSIVE;
				GCC_WARN_UNUSED_FUNCTION = YES;
				GCC_WARN_UNUSED_VARIABLE = YES;
				IPHONEOS_DEPLOYMENT_TARGET = 10.1;
				MTL_ENABLE_DEBUG_INFO = NO;
				SDKROOT = iphoneos;
				VALIDATE_PRODUCT = YES;
			};
			name = Release;
		};
		E4D457DB1E2EFDCE006B8946 /* Debug */ = {
			isa = XCBuildConfiguration;
			buildSettings = {
				ASSETCATALOG_COMPILER_APPICON_NAME = AppIcon;
				INFOPLIST_FILE = HXSearchBar/Info.plist;
				LD_RUNPATH_SEARCH_PATHS = "$(inherited) @executable_path/Frameworks";
				PRODUCT_BUNDLE_IDENTIFIER = blog.libuqing.com.HXSearchBar;
				PRODUCT_NAME = "$(TARGET_NAME)";
			};
			name = Debug;
		};
		E4D457DC1E2EFDCE006B8946 /* Release */ = {
			isa = XCBuildConfiguration;
			buildSettings = {
				ASSETCATALOG_COMPILER_APPICON_NAME = AppIcon;
				INFOPLIST_FILE = HXSearchBar/Info.plist;
				LD_RUNPATH_SEARCH_PATHS = "$(inherited) @executable_path/Frameworks";
				PRODUCT_BUNDLE_IDENTIFIER = blog.libuqing.com.HXSearchBar;
				PRODUCT_NAME = "$(TARGET_NAME)";
			};
			name = Release;
		};
/* End XCBuildConfiguration section */

/* Begin XCConfigurationList section */
		E4D457BE1E2EFDCE006B8946 /* Build configuration list for PBXProject "HXSearchBar" */ = {
			isa = XCConfigurationList;
			buildConfigurations = (
				E4D457D81E2EFDCE006B8946 /* Debug */,
				E4D457D91E2EFDCE006B8946 /* Release */,
			);
			defaultConfigurationIsVisible = 0;
			defaultConfigurationName = Release;
		};
		E4D457DA1E2EFDCE006B8946 /* Build configuration list for PBXNativeTarget "HXSearchBar" */ = {
			isa = XCConfigurationList;
			buildConfigurations = (
				E4D457DB1E2EFDCE006B8946 /* Debug */,
				E4D457DC1E2EFDCE006B8946 /* Release */,
			);
			defaultConfigurationIsVisible = 0;
			defaultConfigurationName = Release;
		};
/* End XCConfigurationList section */
	};
	rootObject = E4D457BB1E2EFDCE006B8946 /* Project object */;
}
